// !$*UTF8*$!
{
	archiveVersion = 1;
	classes = {
	};
	objectVersion = 54;
	objects = {

/* Begin PBXBuildFile section */
		418F7D4B2DAE2614006155AB /* Localizable.strings in Resources */ = {isa = PBXBuildFile; fileRef = 418F7D492DAE2614006155AB /* Localizable.strings */; };
		41DFB5202DAF3369006C096D /* MockAPIClient.swift in Sources */ = {isa = PBXBuildFile; fileRef = 41DFB51F2DAF3369006C096D /* MockAPIClient.swift */; };
		CFBA2A2025A650A00072594C /* SudoSiteReputationIntegrationTestHostApp.swift in Sources */ = {isa = PBXBuildFile; fileRef = CFBA2A1F25A650A00072594C /* SudoSiteReputationIntegrationTestHostApp.swift */; };
		E241804B29F07BDB00BED8B1 /* CacheTests.swift in Sources */ = {isa = PBXBuildFile; fileRef = E241804A29F07BDB00BED8B1 /* CacheTests.swift */; };
		E249DE72294404A500760569 /* ReputationTests.swift in Sources */ = {isa = PBXBuildFile; fileRef = E249DE71294404A500760569 /* ReputationTests.swift */; };
		E24CEBB0291190E300847FEA /* RealtimeSiteReputationClientIntegrationTests.swift in Sources */ = {isa = PBXBuildFile; fileRef = E24CEBAF291190E300847FEA /* RealtimeSiteReputationClientIntegrationTests.swift */; };
		E24CEBB22911916800847FEA /* IntegrationTestBase.swift in Sources */ = {isa = PBXBuildFile; fileRef = E24CEBB12911916800847FEA /* IntegrationTestBase.swift */; };
		E24CEBB62911E3C900847FEA /* RealtimeSiteReputationClientTests.swift in Sources */ = {isa = PBXBuildFile; fileRef = E2BAE19C290A339C00BD8465 /* RealtimeSiteReputationClientTests.swift */; };
		E2AE98D5290F2BF6006C919F /* MockSudoAPIClient.swift in Sources */ = {isa = PBXBuildFile; fileRef = E2AE98D4290F2BF6006C919F /* MockSudoAPIClient.swift */; };
		E2BAE19F290A380900BD8465 /* PlatfomAPIClientTests.swift in Sources */ = {isa = PBXBuildFile; fileRef = E2BAE19E290A380900BD8465 /* PlatfomAPIClientTests.swift */; };
		E2D1591C29140D2600414937 /* LoggerTests.swift in Sources */ = {isa = PBXBuildFile; fileRef = E2D1591B29140D2600414937 /* LoggerTests.swift */; };
		E2FC2B012D5BD7C40035B591 /* SudoSiteReputation in Frameworks */ = {isa = PBXBuildFile; productRef = E2FC2B002D5BD7C40035B591 /* SudoSiteReputation */; };
		E2FC2B032D5BD7C70035B591 /* SudoSiteReputation in Frameworks */ = {isa = PBXBuildFile; productRef = E2FC2B022D5BD7C70035B591 /* SudoSiteReputation */; };
		E2FC2B072D5BDAD70035B591 /* SudoEntitlements in Frameworks */ = {isa = PBXBuildFile; productRef = E2FC2B062D5BDAD70035B591 /* SudoEntitlements */; };
		E2FC2B0A2D5BDB350035B591 /* SudoEntitlementsAdmin in Frameworks */ = {isa = PBXBuildFile; productRef = E2FC2B092D5BDB350035B591 /* SudoEntitlementsAdmin */; };
/* End PBXBuildFile section */

/* Begin PBXContainerItemProxy section */
		CFBA2A4025A650DF0072594C /* PBXContainerItemProxy */ = {
			isa = PBXContainerItemProxy;
			containerPortal = CFA6269B25A3975700581543 /* Project object */;
			proxyType = 1;
			remoteGlobalIDString = CFBA2A1C25A650A00072594C;
			remoteInfo = SudoSiteReputationIntegrationTestHost;
		};
/* End PBXContainerItemProxy section */

/* Begin PBXFileReference section */
		418F7D442DAE1B10006155AB /* SudoSiteReputationError.swift */ = {isa = PBXFileReference; lastKnownFileType = sourcecode.swift; path = SudoSiteReputationError.swift; sourceTree = "<group>"; };
		418F7D4A2DAE2614006155AB /* en */ = {isa = PBXFileReference; lastKnownFileType = text.plist.strings; name = en; path = en.lproj/Localizable.strings; sourceTree = "<group>"; };
		418F7D4C2DAE274A006155AB /* Strings.swift */ = {isa = PBXFileReference; lastKnownFileType = sourcecode.swift; path = Strings.swift; sourceTree = "<group>"; };
		418F7D572DAE2B97006155AB /* SiteReputation+Extensions.swift */ = {isa = PBXFileReference; lastKnownFileType = sourcecode.swift; path = "SiteReputation+Extensions.swift"; sourceTree = "<group>"; };
		41DFB51F2DAF3369006C096D /* MockAPIClient.swift */ = {isa = PBXFileReference; lastKnownFileType = sourcecode.swift; path = MockAPIClient.swift; sourceTree = "<group>"; };
		CF2A536D25A3C43300AF0FEF /* SudoSiteReputationTests.xctest */ = {isa = PBXFileReference; explicitFileType = wrapper.cfbundle; includeInIndex = 0; path = SudoSiteReputationTests.xctest; sourceTree = BUILT_PRODUCTS_DIR; };
		CF2A537125A3C43300AF0FEF /* Info.plist */ = {isa = PBXFileReference; lastKnownFileType = text.plist.xml; path = Info.plist; sourceTree = "<group>"; };
		CF2A54DA25A627CA00AF0FEF /* SudoSiteReputationIntegrationTests.xctest */ = {isa = PBXFileReference; explicitFileType = wrapper.cfbundle; includeInIndex = 0; path = SudoSiteReputationIntegrationTests.xctest; sourceTree = BUILT_PRODUCTS_DIR; };
		CF2A54DE25A627CA00AF0FEF /* Info.plist */ = {isa = PBXFileReference; lastKnownFileType = text.plist.xml; path = Info.plist; sourceTree = "<group>"; };
		CFA626A725A3975700581543 /* SudoSiteReputation.h */ = {isa = PBXFileReference; lastKnownFileType = sourcecode.c.h; path = SudoSiteReputation.h; sourceTree = "<group>"; };
		CFA626A825A3975700581543 /* Info.plist */ = {isa = PBXFileReference; lastKnownFileType = text.plist.xml; path = Info.plist; sourceTree = "<group>"; };
		CFBA2A1D25A650A00072594C /* SudoSiteReputationIntegrationTestHost.app */ = {isa = PBXFileReference; explicitFileType = wrapper.application; includeInIndex = 0; path = SudoSiteReputationIntegrationTestHost.app; sourceTree = BUILT_PRODUCTS_DIR; };
		CFBA2A1F25A650A00072594C /* SudoSiteReputationIntegrationTestHostApp.swift */ = {isa = PBXFileReference; lastKnownFileType = sourcecode.swift; path = SudoSiteReputationIntegrationTestHostApp.swift; sourceTree = "<group>"; };
		CFBA2A2825A650A10072594C /* Info.plist */ = {isa = PBXFileReference; lastKnownFileType = text.plist.xml; path = Info.plist; sourceTree = "<group>"; };
		E23147BD28F612C900CAA1C1 /* DefaultSudoSiteReputationClient.swift */ = {isa = PBXFileReference; lastKnownFileType = sourcecode.swift; path = DefaultSudoSiteReputationClient.swift; sourceTree = "<group>"; };
		E23147BF28F61D5700CAA1C1 /* Logger+Extensions.swift */ = {isa = PBXFileReference; lastKnownFileType = sourcecode.swift; path = "Logger+Extensions.swift"; sourceTree = "<group>"; };
		E241804829F07B9600BED8B1 /* Cache.swift */ = {isa = PBXFileReference; lastKnownFileType = sourcecode.swift; path = Cache.swift; sourceTree = "<group>"; };
		E241804A29F07BDB00BED8B1 /* CacheTests.swift */ = {isa = PBXFileReference; lastKnownFileType = sourcecode.swift; path = CacheTests.swift; sourceTree = "<group>"; };
		E241804C29F2DE5C00BED8B1 /* ExpensiveObjectCache.swift */ = {isa = PBXFileReference; lastKnownFileType = sourcecode.swift; path = ExpensiveObjectCache.swift; sourceTree = "<group>"; };
		E249DE6F2944042400760569 /* SiteReputation.swift */ = {isa = PBXFileReference; lastKnownFileType = sourcecode.swift; path = SiteReputation.swift; sourceTree = "<group>"; };
		E249DE71294404A500760569 /* ReputationTests.swift */ = {isa = PBXFileReference; lastKnownFileType = sourcecode.swift; path = ReputationTests.swift; sourceTree = "<group>"; };
		E24CEBAF291190E300847FEA /* RealtimeSiteReputationClientIntegrationTests.swift */ = {isa = PBXFileReference; lastKnownFileType = sourcecode.swift; path = RealtimeSiteReputationClientIntegrationTests.swift; sourceTree = "<group>"; };
		E24CEBB12911916800847FEA /* IntegrationTestBase.swift */ = {isa = PBXFileReference; lastKnownFileType = sourcecode.swift; path = IntegrationTestBase.swift; sourceTree = "<group>"; };
		E24CEBB32911C13B00847FEA /* API.swift */ = {isa = PBXFileReference; fileEncoding = 4; lastKnownFileType = sourcecode.swift; path = API.swift; sourceTree = "<group>"; };
		E2AE98D4290F2BF6006C919F /* MockSudoAPIClient.swift */ = {isa = PBXFileReference; lastKnownFileType = sourcecode.swift; path = MockSudoAPIClient.swift; sourceTree = "<group>"; };
		E2BAE19A2909C5A500BD8465 /* PlatformAPIClient.swift */ = {isa = PBXFileReference; lastKnownFileType = sourcecode.swift; path = PlatformAPIClient.swift; sourceTree = "<group>"; };
		E2BAE19C290A339C00BD8465 /* RealtimeSiteReputationClientTests.swift */ = {isa = PBXFileReference; lastKnownFileType = sourcecode.swift; path = RealtimeSiteReputationClientTests.swift; sourceTree = "<group>"; };
		E2BAE19E290A380900BD8465 /* PlatfomAPIClientTests.swift */ = {isa = PBXFileReference; lastKnownFileType = sourcecode.swift; path = PlatfomAPIClientTests.swift; sourceTree = "<group>"; };
		E2D1591B29140D2600414937 /* LoggerTests.swift */ = {isa = PBXFileReference; lastKnownFileType = sourcecode.swift; path = LoggerTests.swift; sourceTree = "<group>"; };
/* End PBXFileReference section */

/* Begin PBXFrameworksBuildPhase section */
		CF2A536A25A3C43300AF0FEF /* Frameworks */ = {
			isa = PBXFrameworksBuildPhase;
			buildActionMask = 2147483647;
			files = (
				E2FC2B012D5BD7C40035B591 /* SudoSiteReputation in Frameworks */,
			);
			runOnlyForDeploymentPostprocessing = 0;
		};
		CF2A54D725A627CA00AF0FEF /* Frameworks */ = {
			isa = PBXFrameworksBuildPhase;
			buildActionMask = 2147483647;
			files = (
				E2FC2B032D5BD7C70035B591 /* SudoSiteReputation in Frameworks */,
				E2FC2B0A2D5BDB350035B591 /* SudoEntitlementsAdmin in Frameworks */,
				E2FC2B072D5BDAD70035B591 /* SudoEntitlements in Frameworks */,
			);
			runOnlyForDeploymentPostprocessing = 0;
		};
		CFBA2A1A25A650A00072594C /* Frameworks */ = {
			isa = PBXFrameworksBuildPhase;
			buildActionMask = 2147483647;
			files = (
			);
			runOnlyForDeploymentPostprocessing = 0;
		};
/* End PBXFrameworksBuildPhase section */

/* Begin PBXGroup section */
		418F7D452DAE259D006155AB /* Resources */ = {
			isa = PBXGroup;
			children = (
				418F7D492DAE2614006155AB /* Localizable.strings */,
			);
			path = Resources;
			sourceTree = "<group>";
		};
		418F7D462DAE25A7006155AB /* Source */ = {
			isa = PBXGroup;
			children = (
				418F7D4E2DAE276A006155AB /* Public */,
				418F7D472DAE25CA006155AB /* Internal */,
			);
			path = Source;
			sourceTree = "<group>";
		};
		418F7D472DAE25CA006155AB /* Internal */ = {
			isa = PBXGroup;
			children = (
				E29DF86B291329D8004EC7EC /* Codegen */,
				418F7D512DAE281A006155AB /* Extensions */,
				418F7D482DAE25D0006155AB /* Swiftgen */,
				418F7D502DAE27E8006155AB /* Utilities */,
			);
			path = Internal;
			sourceTree = "<group>";
		};
		418F7D482DAE25D0006155AB /* Swiftgen */ = {
			isa = PBXGroup;
			children = (
				418F7D4C2DAE274A006155AB /* Strings.swift */,
			);
			path = Swiftgen;
			sourceTree = "<group>";
		};
		418F7D4E2DAE276A006155AB /* Public */ = {
			isa = PBXGroup;
			children = (
				418F7D5A2DAE2BDF006155AB /* Entities */,
				E23147BD28F612C900CAA1C1 /* DefaultSudoSiteReputationClient.swift */,
			);
			path = Public;
			sourceTree = "<group>";
		};
		418F7D502DAE27E8006155AB /* Utilities */ = {
			isa = PBXGroup;
			children = (
				CF2A539125A3D19800AF0FEF /* Cache */,
				418F7D562DAE295D006155AB /* GraphQL */,
			);
			path = Utilities;
			sourceTree = "<group>";
		};
		418F7D512DAE281A006155AB /* Extensions */ = {
			isa = PBXGroup;
			children = (
				E23147BF28F61D5700CAA1C1 /* Logger+Extensions.swift */,
				418F7D572DAE2B97006155AB /* SiteReputation+Extensions.swift */,
			);
			path = Extensions;
			sourceTree = "<group>";
		};
		418F7D562DAE295D006155AB /* GraphQL */ = {
			isa = PBXGroup;
			children = (
				E2BAE19A2909C5A500BD8465 /* PlatformAPIClient.swift */,
			);
			path = GraphQL;
			sourceTree = "<group>";
		};
		418F7D5A2DAE2BDF006155AB /* Entities */ = {
			isa = PBXGroup;
			children = (
				E249DE6F2944042400760569 /* SiteReputation.swift */,
				418F7D442DAE1B10006155AB /* SudoSiteReputationError.swift */,
			);
			path = Entities;
			sourceTree = "<group>";
		};
		CF2A536E25A3C43300AF0FEF /* SudoSiteReputationTests */ = {
			isa = PBXGroup;
			children = (
				CF2A537125A3C43300AF0FEF /* Info.plist */,
				CF2A546425A52FB800AF0FEF /* Mocks */,
				E2BAE19E290A380900BD8465 /* PlatfomAPIClientTests.swift */,
				E2BAE19C290A339C00BD8465 /* RealtimeSiteReputationClientTests.swift */,
				E2D1591B29140D2600414937 /* LoggerTests.swift */,
				E249DE71294404A500760569 /* ReputationTests.swift */,
				E241804A29F07BDB00BED8B1 /* CacheTests.swift */,
			);
			path = SudoSiteReputationTests;
			sourceTree = "<group>";
		};
		CF2A539125A3D19800AF0FEF /* Cache */ = {
			isa = PBXGroup;
			children = (
				E241804829F07B9600BED8B1 /* Cache.swift */,
				E241804C29F2DE5C00BED8B1 /* ExpensiveObjectCache.swift */,
			);
			path = Cache;
			sourceTree = "<group>";
		};
		CF2A546425A52FB800AF0FEF /* Mocks */ = {
			isa = PBXGroup;
			children = (
				E2AE98D4290F2BF6006C919F /* MockSudoAPIClient.swift */,
				41DFB51F2DAF3369006C096D /* MockAPIClient.swift */,
			);
			path = Mocks;
			sourceTree = "<group>";
		};
		CF2A54DB25A627CA00AF0FEF /* SudoSiteReputationIntegrationTests */ = {
			isa = PBXGroup;
			children = (
				CF2A54DE25A627CA00AF0FEF /* Info.plist */,
				E24CEBAF291190E300847FEA /* RealtimeSiteReputationClientIntegrationTests.swift */,
				E24CEBB12911916800847FEA /* IntegrationTestBase.swift */,
			);
			path = SudoSiteReputationIntegrationTests;
			sourceTree = "<group>";
		};
		CFA6269A25A3975700581543 = {
			isa = PBXGroup;
			children = (
				CFA626A625A3975700581543 /* SudoSiteReputation */,
				CF2A536E25A3C43300AF0FEF /* SudoSiteReputationTests */,
				CF2A54DB25A627CA00AF0FEF /* SudoSiteReputationIntegrationTests */,
				CFBA2A1E25A650A00072594C /* SudoSiteReputationIntegrationTestHost */,
				CFA626A525A3975700581543 /* Products */,
				E2FC2AFF2D5BD7C40035B591 /* Frameworks */,
			);
			sourceTree = "<group>";
		};
		CFA626A525A3975700581543 /* Products */ = {
			isa = PBXGroup;
			children = (
				CF2A536D25A3C43300AF0FEF /* SudoSiteReputationTests.xctest */,
				CF2A54DA25A627CA00AF0FEF /* SudoSiteReputationIntegrationTests.xctest */,
				CFBA2A1D25A650A00072594C /* SudoSiteReputationIntegrationTestHost.app */,
			);
			name = Products;
			sourceTree = "<group>";
		};
		CFA626A625A3975700581543 /* SudoSiteReputation */ = {
			isa = PBXGroup;
			children = (
				418F7D462DAE25A7006155AB /* Source */,
				418F7D452DAE259D006155AB /* Resources */,
				CFA626A725A3975700581543 /* SudoSiteReputation.h */,
				CFA626A825A3975700581543 /* Info.plist */,
			);
			path = SudoSiteReputation;
			sourceTree = "<group>";
		};
		CFBA2A1E25A650A00072594C /* SudoSiteReputationIntegrationTestHost */ = {
			isa = PBXGroup;
			children = (
				CFBA2A1F25A650A00072594C /* SudoSiteReputationIntegrationTestHostApp.swift */,
				CFBA2A2825A650A10072594C /* Info.plist */,
			);
			path = SudoSiteReputationIntegrationTestHost;
			sourceTree = "<group>";
		};
		E29DF86B291329D8004EC7EC /* Codegen */ = {
			isa = PBXGroup;
			children = (
				E24CEBB32911C13B00847FEA /* API.swift */,
			);
			path = Codegen;
			sourceTree = "<group>";
		};
		E2FC2AFF2D5BD7C40035B591 /* Frameworks */ = {
			isa = PBXGroup;
			children = (
			);
			name = Frameworks;
			sourceTree = "<group>";
		};
/* End PBXGroup section */

/* Begin PBXNativeTarget section */
		CF2A536C25A3C43300AF0FEF /* SudoSiteReputationTests */ = {
			isa = PBXNativeTarget;
			buildConfigurationList = CF2A537525A3C43300AF0FEF /* Build configuration list for PBXNativeTarget "SudoSiteReputationTests" */;
			buildPhases = (
				CF2A536925A3C43300AF0FEF /* Sources */,
				CF2A536A25A3C43300AF0FEF /* Frameworks */,
				CF2A536B25A3C43300AF0FEF /* Resources */,
			);
			buildRules = (
			);
			dependencies = (
			);
			name = SudoSiteReputationTests;
			productName = SudoSiteReputationTests;
			productReference = CF2A536D25A3C43300AF0FEF /* SudoSiteReputationTests.xctest */;
			productType = "com.apple.product-type.bundle.unit-test";
		};
		CF2A54D925A627CA00AF0FEF /* SudoSiteReputationIntegrationTests */ = {
			isa = PBXNativeTarget;
			buildConfigurationList = CF2A54E225A627CA00AF0FEF /* Build configuration list for PBXNativeTarget "SudoSiteReputationIntegrationTests" */;
			buildPhases = (
				CF2A54D625A627CA00AF0FEF /* Sources */,
				CF2A54D725A627CA00AF0FEF /* Frameworks */,
				CF2A54D825A627CA00AF0FEF /* Resources */,
				41DFB51E2DAE59D4006C096D /* Copy Keys */,
			);
			buildRules = (
			);
			dependencies = (
				CFBA2A4125A650DF0072594C /* PBXTargetDependency */,
			);
			name = SudoSiteReputationIntegrationTests;
			productName = SudoSiteReputationIntegrationTests;
			productReference = CF2A54DA25A627CA00AF0FEF /* SudoSiteReputationIntegrationTests.xctest */;
			productType = "com.apple.product-type.bundle.unit-test";
		};
		CFBA2A1C25A650A00072594C /* SudoSiteReputationIntegrationTestHost */ = {
			isa = PBXNativeTarget;
			buildConfigurationList = CFBA2A2B25A650A10072594C /* Build configuration list for PBXNativeTarget "SudoSiteReputationIntegrationTestHost" */;
			buildPhases = (
				CFBA2A1925A650A00072594C /* Sources */,
				CFBA2A1A25A650A00072594C /* Frameworks */,
				CFBA2A1B25A650A00072594C /* Resources */,
				CFBA2A4625A651290072594C /* [Sudo Platform] Copy SDK Config and TEST Registration Key */,
			);
			buildRules = (
			);
			dependencies = (
			);
			name = SudoSiteReputationIntegrationTestHost;
			productName = SudoSiteReputationIntegrationTestHost;
			productReference = CFBA2A1D25A650A00072594C /* SudoSiteReputationIntegrationTestHost.app */;
			productType = "com.apple.product-type.application";
		};
/* End PBXNativeTarget section */

/* Begin PBXProject section */
		CFA6269B25A3975700581543 /* Project object */ = {
			isa = PBXProject;
			attributes = {
				LastSwiftUpdateCheck = 1230;
				LastUpgradeCheck = 1230;
				TargetAttributes = {
					CF2A536C25A3C43300AF0FEF = {
						CreatedOnToolsVersion = 12.3;
					};
					CF2A54D925A627CA00AF0FEF = {
						CreatedOnToolsVersion = 12.3;
						TestTargetID = CFBA2A1C25A650A00072594C;
					};
					CFBA2A1C25A650A00072594C = {
						CreatedOnToolsVersion = 12.3;
					};
				};
			};
			buildConfigurationList = CFA6269E25A3975700581543 /* Build configuration list for PBXProject "SudoSiteReputation" */;
			compatibilityVersion = "Xcode 9.3";
			developmentRegion = en;
			hasScannedForEncodings = 0;
			knownRegions = (
				en,
				Base,
			);
			mainGroup = CFA6269A25A3975700581543;
			packageReferences = (
				E2FC2B052D5BDAD70035B591 /* XCRemoteSwiftPackageReference "sudo-entitlements-ios" */,
				E2FC2B082D5BDB350035B591 /* XCRemoteSwiftPackageReference "sudo-entitlements-admin-ios" */,
			);
			productRefGroup = CFA626A525A3975700581543 /* Products */;
			projectDirPath = "";
			projectRoot = "";
			targets = (
				CF2A536C25A3C43300AF0FEF /* SudoSiteReputationTests */,
				CF2A54D925A627CA00AF0FEF /* SudoSiteReputationIntegrationTests */,
				CFBA2A1C25A650A00072594C /* SudoSiteReputationIntegrationTestHost */,
			);
		};
/* End PBXProject section */

/* Begin PBXResourcesBuildPhase section */
		CF2A536B25A3C43300AF0FEF /* Resources */ = {
			isa = PBXResourcesBuildPhase;
			buildActionMask = 2147483647;
			files = (
				418F7D4B2DAE2614006155AB /* Localizable.strings in Resources */,
			);
			runOnlyForDeploymentPostprocessing = 0;
		};
		CF2A54D825A627CA00AF0FEF /* Resources */ = {
			isa = PBXResourcesBuildPhase;
			buildActionMask = 2147483647;
			files = (
			);
			runOnlyForDeploymentPostprocessing = 0;
		};
		CFBA2A1B25A650A00072594C /* Resources */ = {
			isa = PBXResourcesBuildPhase;
			buildActionMask = 2147483647;
			files = (
			);
			runOnlyForDeploymentPostprocessing = 0;
		};
/* End PBXResourcesBuildPhase section */

/* Begin PBXShellScriptBuildPhase section */
		41DFB51E2DAE59D4006C096D /* Copy Keys */ = {
			isa = PBXShellScriptBuildPhase;
			buildActionMask = 2147483647;
			files = (
			);
			inputFileListPaths = (
			);
			inputPaths = (
			);
			name = "Copy Keys";
			outputFileListPaths = (
			);
			outputPaths = (
			);
			runOnlyForDeploymentPostprocessing = 0;
			shellPath = /bin/sh;
			shellScript = "echo \"Copying SDK config to bundle\"\ncp -f config/sudoplatformconfig.json \"${TARGET_BUILD_DIR}/${UNLOCALIZED_RESOURCES_FOLDER_PATH}/\" || :\n\necho \"Copying TEST registration key ID to bundle\"\nSOURCE=${PROJECT_DIR}/config/register_key.id \ncp -f ${SOURCE} \"${TARGET_BUILD_DIR}/${UNLOCALIZED_RESOURCES_FOLDER_PATH}/\"\n\necho \"Copying TEST registration key to bundle\"\nSOURCE=${PROJECT_DIR}/config/register_key.private \ncp -f ${SOURCE} \"${TARGET_BUILD_DIR}/${UNLOCALIZED_RESOURCES_FOLDER_PATH}/\"\n\necho \"Copying entitlements admin api key\"\nSOURCE=${PROJECT_DIR}/config/api.key \ncp -f ${SOURCE} \"${TARGET_BUILD_DIR}/${UNLOCALIZED_RESOURCES_FOLDER_PATH}/\"\n\necho Files copied:\nls ${TARGET_BUILD_DIR}/${UNLOCALIZED_RESOURCES_FOLDER_PATH}/\n";
		};
		CFBA2A4625A651290072594C /* [Sudo Platform] Copy SDK Config and TEST Registration Key */ = {
			isa = PBXShellScriptBuildPhase;
			buildActionMask = 2147483647;
			files = (
			);
			inputFileListPaths = (
			);
			inputPaths = (
			);
			name = "[Sudo Platform] Copy SDK Config and TEST Registration Key";
			outputFileListPaths = (
			);
			outputPaths = (
			);
			runOnlyForDeploymentPostprocessing = 0;
			shellPath = /bin/sh;
			shellScript = "echo \"Copying SDK config to bundle\"\ncp -f config/sudoplatformconfig.json \"${TARGET_BUILD_DIR}/${UNLOCALIZED_RESOURCES_FOLDER_PATH}/\" || :\n\necho \"Copying TEST registration key ID to bundle\"\nSOURCE=${PROJECT_DIR}/config/register_key.id \ncp -f ${SOURCE} \"${TARGET_BUILD_DIR}/${UNLOCALIZED_RESOURCES_FOLDER_PATH}/\"\n\necho \"Copying TEST registration key to bundle\"\nSOURCE=${PROJECT_DIR}/config/register_key.private \ncp -f ${SOURCE} \"${TARGET_BUILD_DIR}/${UNLOCALIZED_RESOURCES_FOLDER_PATH}/\"\n\necho \"Copying entitlements admin api key\"\nSOURCE=${PROJECT_DIR}/config/api.key \ncp -f ${SOURCE} \"${TARGET_BUILD_DIR}/${UNLOCALIZED_RESOURCES_FOLDER_PATH}/\"\n\necho Files copied:\nls ${TARGET_BUILD_DIR}/${UNLOCALIZED_RESOURCES_FOLDER_PATH}/\n";
		};
/* End PBXShellScriptBuildPhase section */

/* Begin PBXSourcesBuildPhase section */
		CF2A536925A3C43300AF0FEF /* Sources */ = {
			isa = PBXSourcesBuildPhase;
			buildActionMask = 2147483647;
			files = (
				E241804B29F07BDB00BED8B1 /* CacheTests.swift in Sources */,
				E2BAE19F290A380900BD8465 /* PlatfomAPIClientTests.swift in Sources */,
				E2D1591C29140D2600414937 /* LoggerTests.swift in Sources */,
				E24CEBB62911E3C900847FEA /* RealtimeSiteReputationClientTests.swift in Sources */,
				E249DE72294404A500760569 /* ReputationTests.swift in Sources */,
				E2AE98D5290F2BF6006C919F /* MockSudoAPIClient.swift in Sources */,
				41DFB5202DAF3369006C096D /* MockAPIClient.swift in Sources */,
			);
			runOnlyForDeploymentPostprocessing = 0;
		};
		CF2A54D625A627CA00AF0FEF /* Sources */ = {
			isa = PBXSourcesBuildPhase;
			buildActionMask = 2147483647;
			files = (
				E24CEBB0291190E300847FEA /* RealtimeSiteReputationClientIntegrationTests.swift in Sources */,
				E24CEBB22911916800847FEA /* IntegrationTestBase.swift in Sources */,
			);
			runOnlyForDeploymentPostprocessing = 0;
		};
		CFBA2A1925A650A00072594C /* Sources */ = {
			isa = PBXSourcesBuildPhase;
			buildActionMask = 2147483647;
			files = (
				CFBA2A2025A650A00072594C /* SudoSiteReputationIntegrationTestHostApp.swift in Sources */,
			);
			runOnlyForDeploymentPostprocessing = 0;
		};
/* End PBXSourcesBuildPhase section */

/* Begin PBXTargetDependency section */
		CFBA2A4125A650DF0072594C /* PBXTargetDependency */ = {
			isa = PBXTargetDependency;
			target = CFBA2A1C25A650A00072594C /* SudoSiteReputationIntegrationTestHost */;
			targetProxy = CFBA2A4025A650DF0072594C /* PBXContainerItemProxy */;
		};
/* End PBXTargetDependency section */

/* Begin PBXVariantGroup section */
		418F7D492DAE2614006155AB /* Localizable.strings */ = {
			isa = PBXVariantGroup;
			children = (
				418F7D4A2DAE2614006155AB /* en */,
			);
			name = Localizable.strings;
			sourceTree = "<group>";
		};
/* End PBXVariantGroup section */

/* Begin XCBuildConfiguration section */
		CF2A537625A3C43300AF0FEF /* Debug */ = {
			isa = XCBuildConfiguration;
			buildSettings = {
				CODE_SIGN_STYLE = Automatic;
				INFOPLIST_FILE = SudoSiteReputationTests/Info.plist;
				IPHONEOS_DEPLOYMENT_TARGET = 15.0;
				LD_RUNPATH_SEARCH_PATHS = (
					"$(inherited)",
					"@executable_path/Frameworks",
					"@loader_path/Frameworks",
				);
				PRODUCT_BUNDLE_IDENTIFIER = com.sudoplatform.SudoSiteReputationTests;
				PRODUCT_NAME = "$(TARGET_NAME)";
				SUPPORTED_PLATFORMS = "iphoneos iphonesimulator";
				SUPPORTS_MACCATALYST = NO;
				SUPPORTS_MAC_DESIGNED_FOR_IPHONE_IPAD = NO;
				SUPPORTS_XR_DESIGNED_FOR_IPHONE_IPAD = NO;
				SWIFT_VERSION = 5.0;
				TARGETED_DEVICE_FAMILY = 1;
			};
			name = Debug;
		};
		CF2A537725A3C43300AF0FEF /* Release */ = {
			isa = XCBuildConfiguration;
			buildSettings = {
				CODE_SIGN_STYLE = Automatic;
				INFOPLIST_FILE = SudoSiteReputationTests/Info.plist;
				IPHONEOS_DEPLOYMENT_TARGET = 15.0;
				LD_RUNPATH_SEARCH_PATHS = (
					"$(inherited)",
					"@executable_path/Frameworks",
					"@loader_path/Frameworks",
				);
				PRODUCT_BUNDLE_IDENTIFIER = com.sudoplatform.SudoSiteReputationTests;
				PRODUCT_NAME = "$(TARGET_NAME)";
				SUPPORTED_PLATFORMS = "iphoneos iphonesimulator";
				SUPPORTS_MACCATALYST = NO;
				SUPPORTS_MAC_DESIGNED_FOR_IPHONE_IPAD = NO;
				SUPPORTS_XR_DESIGNED_FOR_IPHONE_IPAD = NO;
				SWIFT_VERSION = 5.0;
				TARGETED_DEVICE_FAMILY = 1;
			};
			name = Release;
		};
		CF2A54E325A627CA00AF0FEF /* Debug */ = {
			isa = XCBuildConfiguration;
			buildSettings = {
				CODE_SIGN_STYLE = Automatic;
				DEVELOPMENT_TEAM = UU2W43R8JA;
				INFOPLIST_FILE = SudoSiteReputationIntegrationTests/Info.plist;
				IPHONEOS_DEPLOYMENT_TARGET = 15.0;
				LD_RUNPATH_SEARCH_PATHS = (
					"$(inherited)",
					"@executable_path/Frameworks",
					"@loader_path/Frameworks",
				);
				PRODUCT_BUNDLE_IDENTIFIER = com.sudoplatform.SudoSiteReputationIntegrationTests;
				PRODUCT_NAME = "$(TARGET_NAME)";
				SUPPORTED_PLATFORMS = "iphoneos iphonesimulator";
				SUPPORTS_MACCATALYST = NO;
				SUPPORTS_MAC_DESIGNED_FOR_IPHONE_IPAD = NO;
				SUPPORTS_XR_DESIGNED_FOR_IPHONE_IPAD = NO;
				SWIFT_VERSION = 5.0;
				TARGETED_DEVICE_FAMILY = 1;
				TEST_HOST = "$(BUILT_PRODUCTS_DIR)/SudoSiteReputationIntegrationTestHost.app/SudoSiteReputationIntegrationTestHost";
			};
			name = Debug;
		};
		CF2A54E425A627CA00AF0FEF /* Release */ = {
			isa = XCBuildConfiguration;
			buildSettings = {
				CODE_SIGN_STYLE = Automatic;
				DEVELOPMENT_TEAM = UU2W43R8JA;
				INFOPLIST_FILE = SudoSiteReputationIntegrationTests/Info.plist;
				IPHONEOS_DEPLOYMENT_TARGET = 15.0;
				LD_RUNPATH_SEARCH_PATHS = (
					"$(inherited)",
					"@executable_path/Frameworks",
					"@loader_path/Frameworks",
				);
				PRODUCT_BUNDLE_IDENTIFIER = com.sudoplatform.SudoSiteReputationIntegrationTests;
				PRODUCT_NAME = "$(TARGET_NAME)";
				SUPPORTED_PLATFORMS = "iphoneos iphonesimulator";
				SUPPORTS_MACCATALYST = NO;
				SUPPORTS_MAC_DESIGNED_FOR_IPHONE_IPAD = NO;
				SUPPORTS_XR_DESIGNED_FOR_IPHONE_IPAD = NO;
				SWIFT_VERSION = 5.0;
				TARGETED_DEVICE_FAMILY = 1;
				TEST_HOST = "$(BUILT_PRODUCTS_DIR)/SudoSiteReputationIntegrationTestHost.app/SudoSiteReputationIntegrationTestHost";
			};
			name = Release;
		};
		CFA626AA25A3975700581543 /* Debug */ = {
			isa = XCBuildConfiguration;
			buildSettings = {
				ALWAYS_SEARCH_USER_PATHS = NO;
				CLANG_ANALYZER_NONNULL = YES;
				CLANG_ANALYZER_NUMBER_OBJECT_CONVERSION = YES_AGGRESSIVE;
				CLANG_CXX_LANGUAGE_STANDARD = "gnu++14";
				CLANG_CXX_LIBRARY = "libc++";
				CLANG_ENABLE_MODULES = YES;
				CLANG_ENABLE_OBJC_ARC = YES;
				CLANG_ENABLE_OBJC_WEAK = YES;
				CLANG_WARN_BLOCK_CAPTURE_AUTORELEASING = YES;
				CLANG_WARN_BOOL_CONVERSION = YES;
				CLANG_WARN_COMMA = YES;
				CLANG_WARN_CONSTANT_CONVERSION = YES;
				CLANG_WARN_DEPRECATED_OBJC_IMPLEMENTATIONS = YES;
				CLANG_WARN_DIRECT_OBJC_ISA_USAGE = YES_ERROR;
				CLANG_WARN_DOCUMENTATION_COMMENTS = YES;
				CLANG_WARN_EMPTY_BODY = YES;
				CLANG_WARN_ENUM_CONVERSION = YES;
				CLANG_WARN_INFINITE_RECURSION = YES;
				CLANG_WARN_INT_CONVERSION = YES;
				CLANG_WARN_NON_LITERAL_NULL_CONVERSION = YES;
				CLANG_WARN_OBJC_IMPLICIT_RETAIN_SELF = YES;
				CLANG_WARN_OBJC_LITERAL_CONVERSION = YES;
				CLANG_WARN_OBJC_ROOT_CLASS = YES_ERROR;
				CLANG_WARN_QUOTED_INCLUDE_IN_FRAMEWORK_HEADER = YES;
				CLANG_WARN_RANGE_LOOP_ANALYSIS = YES;
				CLANG_WARN_STRICT_PROTOTYPES = YES;
				CLANG_WARN_SUSPICIOUS_MOVE = YES;
				CLANG_WARN_UNGUARDED_AVAILABILITY = YES_AGGRESSIVE;
				CLANG_WARN_UNREACHABLE_CODE = YES;
				CLANG_WARN__DUPLICATE_METHOD_MATCH = YES;
				COPY_PHASE_STRIP = NO;
				CURRENT_PROJECT_VERSION = 1;
				DEBUG_INFORMATION_FORMAT = dwarf;
				ENABLE_STRICT_OBJC_MSGSEND = YES;
				ENABLE_TESTABILITY = YES;
				GCC_C_LANGUAGE_STANDARD = gnu11;
				GCC_DYNAMIC_NO_PIC = NO;
				GCC_NO_COMMON_BLOCKS = YES;
				GCC_OPTIMIZATION_LEVEL = 0;
				GCC_PREPROCESSOR_DEFINITIONS = (
					"DEBUG=1",
					"$(inherited)",
				);
				GCC_WARN_64_TO_32_BIT_CONVERSION = YES;
				GCC_WARN_ABOUT_RETURN_TYPE = YES_ERROR;
				GCC_WARN_UNDECLARED_SELECTOR = YES;
				GCC_WARN_UNINITIALIZED_AUTOS = YES_AGGRESSIVE;
				GCC_WARN_UNUSED_FUNCTION = YES;
				GCC_WARN_UNUSED_VARIABLE = YES;
				IPHONEOS_DEPLOYMENT_TARGET = 15.0;
				MTL_ENABLE_DEBUG_INFO = INCLUDE_SOURCE;
				MTL_FAST_MATH = YES;
				ONLY_ACTIVE_ARCH = YES;
				SDKROOT = iphoneos;
				SWIFT_ACTIVE_COMPILATION_CONDITIONS = DEBUG;
				SWIFT_OPTIMIZATION_LEVEL = "-Onone";
				VERSIONING_SYSTEM = "apple-generic";
				VERSION_INFO_PREFIX = "";
			};
			name = Debug;
		};
		CFA626AB25A3975700581543 /* Release */ = {
			isa = XCBuildConfiguration;
			buildSettings = {
				ALWAYS_SEARCH_USER_PATHS = NO;
				CLANG_ANALYZER_NONNULL = YES;
				CLANG_ANALYZER_NUMBER_OBJECT_CONVERSION = YES_AGGRESSIVE;
				CLANG_CXX_LANGUAGE_STANDARD = "gnu++14";
				CLANG_CXX_LIBRARY = "libc++";
				CLANG_ENABLE_MODULES = YES;
				CLANG_ENABLE_OBJC_ARC = YES;
				CLANG_ENABLE_OBJC_WEAK = YES;
				CLANG_WARN_BLOCK_CAPTURE_AUTORELEASING = YES;
				CLANG_WARN_BOOL_CONVERSION = YES;
				CLANG_WARN_COMMA = YES;
				CLANG_WARN_CONSTANT_CONVERSION = YES;
				CLANG_WARN_DEPRECATED_OBJC_IMPLEMENTATIONS = YES;
				CLANG_WARN_DIRECT_OBJC_ISA_USAGE = YES_ERROR;
				CLANG_WARN_DOCUMENTATION_COMMENTS = YES;
				CLANG_WARN_EMPTY_BODY = YES;
				CLANG_WARN_ENUM_CONVERSION = YES;
				CLANG_WARN_INFINITE_RECURSION = YES;
				CLANG_WARN_INT_CONVERSION = YES;
				CLANG_WARN_NON_LITERAL_NULL_CONVERSION = YES;
				CLANG_WARN_OBJC_IMPLICIT_RETAIN_SELF = YES;
				CLANG_WARN_OBJC_LITERAL_CONVERSION = YES;
				CLANG_WARN_OBJC_ROOT_CLASS = YES_ERROR;
				CLANG_WARN_QUOTED_INCLUDE_IN_FRAMEWORK_HEADER = YES;
				CLANG_WARN_RANGE_LOOP_ANALYSIS = YES;
				CLANG_WARN_STRICT_PROTOTYPES = YES;
				CLANG_WARN_SUSPICIOUS_MOVE = YES;
				CLANG_WARN_UNGUARDED_AVAILABILITY = YES_AGGRESSIVE;
				CLANG_WARN_UNREACHABLE_CODE = YES;
				CLANG_WARN__DUPLICATE_METHOD_MATCH = YES;
				COPY_PHASE_STRIP = NO;
				CURRENT_PROJECT_VERSION = 1;
				DEBUG_INFORMATION_FORMAT = "dwarf-with-dsym";
				ENABLE_NS_ASSERTIONS = NO;
				ENABLE_STRICT_OBJC_MSGSEND = YES;
				GCC_C_LANGUAGE_STANDARD = gnu11;
				GCC_NO_COMMON_BLOCKS = YES;
				GCC_WARN_64_TO_32_BIT_CONVERSION = YES;
				GCC_WARN_ABOUT_RETURN_TYPE = YES_ERROR;
				GCC_WARN_UNDECLARED_SELECTOR = YES;
				GCC_WARN_UNINITIALIZED_AUTOS = YES_AGGRESSIVE;
				GCC_WARN_UNUSED_FUNCTION = YES;
				GCC_WARN_UNUSED_VARIABLE = YES;
				IPHONEOS_DEPLOYMENT_TARGET = 15.0;
				MTL_ENABLE_DEBUG_INFO = NO;
				MTL_FAST_MATH = YES;
				ONLY_ACTIVE_ARCH = YES;
				SDKROOT = iphoneos;
				SWIFT_COMPILATION_MODE = wholemodule;
				SWIFT_OPTIMIZATION_LEVEL = "-O";
				VALIDATE_PRODUCT = YES;
				VERSIONING_SYSTEM = "apple-generic";
				VERSION_INFO_PREFIX = "";
			};
			name = Release;
		};
		CFBA2A2925A650A10072594C /* Debug */ = {
			isa = XCBuildConfiguration;
			buildSettings = {
				ASSETCATALOG_COMPILER_GLOBAL_ACCENT_COLOR_NAME = AccentColor;
				CODE_SIGN_STYLE = Automatic;
				DEVELOPMENT_ASSET_PATHS = "";
				DEVELOPMENT_TEAM = UU2W43R8JA;
				ENABLE_PREVIEWS = YES;
				INFOPLIST_FILE = SudoSiteReputationIntegrationTestHost/Info.plist;
				IPHONEOS_DEPLOYMENT_TARGET = 15.0;
				LD_RUNPATH_SEARCH_PATHS = (
					"$(inherited)",
					"@executable_path/Frameworks",
				);
				PRODUCT_BUNDLE_IDENTIFIER = com.sudoplatform.SudoSiteReputationIntegrationTestHost;
				PRODUCT_NAME = "$(TARGET_NAME)";
				SUPPORTED_PLATFORMS = "iphoneos iphonesimulator";
				SUPPORTS_MACCATALYST = NO;
				SUPPORTS_MAC_DESIGNED_FOR_IPHONE_IPAD = NO;
				SUPPORTS_XR_DESIGNED_FOR_IPHONE_IPAD = NO;
				SWIFT_VERSION = 5.0;
				TARGETED_DEVICE_FAMILY = 1;
			};
			name = Debug;
		};
		CFBA2A2A25A650A10072594C /* Release */ = {
			isa = XCBuildConfiguration;
			buildSettings = {
				ASSETCATALOG_COMPILER_GLOBAL_ACCENT_COLOR_NAME = AccentColor;
				CODE_SIGN_STYLE = Automatic;
				DEVELOPMENT_ASSET_PATHS = "";
				DEVELOPMENT_TEAM = UU2W43R8JA;
				ENABLE_PREVIEWS = YES;
				INFOPLIST_FILE = SudoSiteReputationIntegrationTestHost/Info.plist;
				IPHONEOS_DEPLOYMENT_TARGET = 15.0;
				LD_RUNPATH_SEARCH_PATHS = (
					"$(inherited)",
					"@executable_path/Frameworks",
				);
				PRODUCT_BUNDLE_IDENTIFIER = com.sudoplatform.SudoSiteReputationIntegrationTestHost;
				PRODUCT_NAME = "$(TARGET_NAME)";
				SUPPORTED_PLATFORMS = "iphoneos iphonesimulator";
				SUPPORTS_MACCATALYST = NO;
				SUPPORTS_MAC_DESIGNED_FOR_IPHONE_IPAD = NO;
				SUPPORTS_XR_DESIGNED_FOR_IPHONE_IPAD = NO;
				SWIFT_VERSION = 5.0;
				TARGETED_DEVICE_FAMILY = 1;
			};
			name = Release;
		};
/* End XCBuildConfiguration section */

/* Begin XCConfigurationList section */
		CF2A537525A3C43300AF0FEF /* Build configuration list for PBXNativeTarget "SudoSiteReputationTests" */ = {
			isa = XCConfigurationList;
			buildConfigurations = (
				CF2A537625A3C43300AF0FEF /* Debug */,
				CF2A537725A3C43300AF0FEF /* Release */,
			);
			defaultConfigurationIsVisible = 0;
			defaultConfigurationName = Release;
		};
		CF2A54E225A627CA00AF0FEF /* Build configuration list for PBXNativeTarget "SudoSiteReputationIntegrationTests" */ = {
			isa = XCConfigurationList;
			buildConfigurations = (
				CF2A54E325A627CA00AF0FEF /* Debug */,
				CF2A54E425A627CA00AF0FEF /* Release */,
			);
			defaultConfigurationIsVisible = 0;
			defaultConfigurationName = Release;
		};
		CFA6269E25A3975700581543 /* Build configuration list for PBXProject "SudoSiteReputation" */ = {
			isa = XCConfigurationList;
			buildConfigurations = (
				CFA626AA25A3975700581543 /* Debug */,
				CFA626AB25A3975700581543 /* Release */,
			);
			defaultConfigurationIsVisible = 0;
			defaultConfigurationName = Release;
		};
		CFBA2A2B25A650A10072594C /* Build configuration list for PBXNativeTarget "SudoSiteReputationIntegrationTestHost" */ = {
			isa = XCConfigurationList;
			buildConfigurations = (
				CFBA2A2925A650A10072594C /* Debug */,
				CFBA2A2A25A650A10072594C /* Release */,
			);
			defaultConfigurationIsVisible = 0;
			defaultConfigurationName = Release;
		};
/* End XCConfigurationList section */

/* Begin XCRemoteSwiftPackageReference section */
		E2FC2B052D5BDAD70035B591 /* XCRemoteSwiftPackageReference "sudo-entitlements-ios" */ = {
			isa = XCRemoteSwiftPackageReference;
			repositoryURL = "https://github.com/sudoplatform/sudo-entitlements-ios";
			requirement = {
				kind = upToNextMajorVersion;
				minimumVersion = 13.0.0;
			};
		};
		E2FC2B082D5BDB350035B591 /* XCRemoteSwiftPackageReference "sudo-entitlements-admin-ios" */ = {
			isa = XCRemoteSwiftPackageReference;
			repositoryURL = "https://github.com/sudoplatform/sudo-entitlements-admin-ios";
			requirement = {
				kind = upToNextMajorVersion;
				minimumVersion = 8.0.0;
			};
		};
/* End XCRemoteSwiftPackageReference section */

/* Begin XCSwiftPackageProductDependency section */
		E2FC2B002D5BD7C40035B591 /* SudoSiteReputation */ = {
			isa = XCSwiftPackageProductDependency;
			productName = SudoSiteReputation;
		};
		E2FC2B022D5BD7C70035B591 /* SudoSiteReputation */ = {
			isa = XCSwiftPackageProductDependency;
			productName = SudoSiteReputation;
		};
		E2FC2B062D5BDAD70035B591 /* SudoEntitlements */ = {
			isa = XCSwiftPackageProductDependency;
			package = E2FC2B052D5BDAD70035B591 /* XCRemoteSwiftPackageReference "sudo-entitlements-ios" */;
			productName = SudoEntitlements;
		};
		E2FC2B092D5BDB350035B591 /* SudoEntitlementsAdmin */ = {
			isa = XCSwiftPackageProductDependency;
			package = E2FC2B082D5BDB350035B591 /* XCRemoteSwiftPackageReference "sudo-entitlements-admin-ios" */;
			productName = SudoEntitlementsAdmin;
		};
/* End XCSwiftPackageProductDependency section */
	};
	rootObject = CFA6269B25A3975700581543 /* Project object */;
}
