{"outputHash":"37c2e051c8232c850ee05e8d3c2b0e534e4feaa4","sourceRoot":"\/Users\/broth\/sudo\/site-reputation-ios","sourceFilePaths":[{"hash":"5106233ae1520854e24b0e42ade9e62e3047457b","path":"\/Users\/broth\/sudo\/site-reputation-ios\/SudoSiteReputation\/DefaultLegacySiteReputationClient.swift"},{"hash":"dcfe6969089f7309c132009ba7d4a6d410839905","path":"\/Users\/broth\/sudo\/site-reputation-ios\/SudoSiteReputation\/DefaultSudoSiteReputationClient.swift"},{"path":"\/Users\/broth\/sudo\/site-reputation-ios\/SudoSiteReputation\/Error\/InvalidDependencyError.swift","hash":"2f0f2b3a7f74e22c7662b43fd5dda056355f6529"},{"path":"\/Users\/broth\/sudo\/site-reputation-ios\/SudoSiteReputation\/Error\/LocalizedErrors.swift","hash":"ddbf1124ece12d66b7660a88c1a45eec7a1be1df"},{"path":"\/Users\/broth\/sudo\/site-reputation-ios\/SudoSiteReputation\/Error\/MissingResponseDataError.swift","hash":"dfd3500ef6de8c091126f1bcae3ac5c7e36a0648"},{"path":"\/Users\/broth\/sudo\/site-reputation-ios\/SudoSiteReputation\/Error\/PlatformGraphQLError.swift","hash":"76b7fdc0fe896b3e8d0d01ce4906fe7dbfd5a87c"},{"path":"\/Users\/broth\/sudo\/site-reputation-ios\/SudoSiteReputation\/LegacySudoSiteReputationClient.swift","hash":"75b26a6b46ad91db60542827ea0acec221a719be"},{"hash":"843d2b522e3a4a7c99236052eab9ddbef26f37b5","path":"\/Users\/broth\/sudo\/site-reputation-ios\/SudoSiteReputation\/Logger.swift"},{"hash":"5d57d83cdc66a0f8694ed9f51b44ed8962ce4478","path":"\/Users\/broth\/sudo\/site-reputation-ios\/SudoSiteReputation\/MaliciousDomainList.swift"},{"path":"\/Users\/broth\/sudo\/site-reputation-ios\/SudoSiteReputation\/MaliciousDomainProvider.swift","hash":"eee754233f6dea33aaaaf12bf86649b4be6cd47e"},{"path":"\/Users\/broth\/sudo\/site-reputation-ios\/SudoSiteReputation\/PlatformAPIClient.swift","hash":"f1a4f7eedda8c428eddb0acdfe2148ecedd907ed"},{"hash":"e1de604b52b6685ee504179a056468fbf195665b","path":"\/Users\/broth\/sudo\/site-reputation-ios\/SudoSiteReputation\/ReputationEngine\/MaliciousDomainListTransformer.swift"},{"hash":"828c18f5b864c6680033aa279c0872d8323c6bf5","path":"\/Users\/broth\/sudo\/site-reputation-ios\/SudoSiteReputation\/ReputationEngine\/SiteReputationMatchReason.swift"},{"hash":"eda866f2ebf1e0cbe49587043b60008c538d17e7","path":"\/Users\/broth\/sudo\/site-reputation-ios\/SudoSiteReputation\/ReputationEngine\/SiteReputationProvider.swift"},{"path":"\/Users\/broth\/sudo\/site-reputation-ios\/SudoSiteReputation\/ReputationEngine\/SiteReputationRuleset.swift","hash":"48a3993b45a004117002f609b1122f56b8bc66c4"},{"hash":"e21de2b6665b4940fdd3fa22a3fc9ce4219ec0cf","path":"\/Users\/broth\/sudo\/site-reputation-ios\/SudoSiteReputation\/S3\/S3Client.swift"},{"path":"\/Users\/broth\/sudo\/site-reputation-ios\/SudoSiteReputation\/S3\/S3DataSource.swift","hash":"97766bcf01a84f2e775b5d5bbd944b3d0c1fcff8"},{"path":"\/Users\/broth\/sudo\/site-reputation-ios\/SudoSiteReputation\/SiteReputation.swift","hash":"f9b81867af2f3295627a8c3d2d89e8a5fac1afec"},{"hash":"6122731f1beb3ae0308fd8fa50b38e954917aff0","path":"\/Users\/broth\/sudo\/site-reputation-ios\/SudoSiteReputation\/Storage\/Cache.swift"},{"path":"\/Users\/broth\/sudo\/site-reputation-ios\/SudoSiteReputation\/Storage\/ExpensiveObjectCache.swift","hash":"5952e97d12f43a25d9e6547a05a0bc14c39ee288"},{"path":"\/Users\/broth\/sudo\/site-reputation-ios\/SudoSiteReputation\/Storage\/ServiceDataCache.swift","hash":"818203219deeabab43f933cce30e361e8be530bf"},{"hash":"d97b8866f5daad74c0b9e780271d8517652b84d2","path":"\/Users\/broth\/sudo\/site-reputation-ios\/SudoSiteReputation\/codegen\/API.swift"}],"dependencyPathsHash":"1561798de1b503985b4e00c68a8bc2b1c4f6ecfb","supportingFilePaths":[{"hash":"21296949c6d570892c8665a450e62c234c938790","path":"\/Users\/broth\/sudo\/site-reputation-ios\/MockingbirdSupport\/AppKit\/NSResponder.swift"},{"path":"\/Users\/broth\/sudo\/site-reputation-ios\/MockingbirdSupport\/AppKit\/NSView.swift","hash":"85b3183be144012a7e105e292426c3d9f8966072"},{"path":"\/Users\/broth\/sudo\/site-reputation-ios\/MockingbirdSupport\/AppKit\/NSViewController.swift","hash":"d8785e8a119f2723c8840534df0ad8ac61409797"},{"hash":"cf466772b8c2d80d31f34b93b501b398fbb8854d","path":"\/Users\/broth\/sudo\/site-reputation-ios\/MockingbirdSupport\/Foundation\/ObjectiveC\/NSObject.swift"},{"hash":"cf466772b8c2d80d31f34b93b501b398fbb8854d","path":"\/Users\/broth\/sudo\/site-reputation-ios\/MockingbirdSupport\/Foundation\/ObjectiveC\/NSObject.swift"},{"hash":"57675d8b36a2db7b093b3542bd3225a88992c3bc","path":"\/Users\/broth\/sudo\/site-reputation-ios\/MockingbirdSupport\/Swift\/Codable.swift"},{"path":"\/Users\/broth\/sudo\/site-reputation-ios\/MockingbirdSupport\/Swift\/Comparable.swift","hash":"d0d110744eeaf2f8fdd2f8a41df3452f35286bb7"},{"path":"\/Users\/broth\/sudo\/site-reputation-ios\/MockingbirdSupport\/Swift\/Equatable.swift","hash":"2e7674f4e23a5ab7aef45b91b63c0ed5934c3b83"},{"hash":"f59ec249aa03e312f2bda7c3b397c0dccd880a21","path":"\/Users\/broth\/sudo\/site-reputation-ios\/MockingbirdSupport\/Swift\/Hashable.swift"},{"path":"\/Users\/broth\/sudo\/site-reputation-ios\/MockingbirdSupport\/Swift\/Misc.swift","hash":"c139249ec5799f1ec64c3d9e7d8c1f286b894035"},{"path":"\/Users\/broth\/sudo\/site-reputation-ios\/MockingbirdSupport\/UIKit\/UIControl.swift","hash":"9363a4c38002598dbbc1198f16fe7198b8151d24"},{"hash":"e26a734695bfe008598ed0d8c936683db78f40ac","path":"\/Users\/broth\/sudo\/site-reputation-ios\/MockingbirdSupport\/UIKit\/UILabel.swift"},{"path":"\/Users\/broth\/sudo\/site-reputation-ios\/MockingbirdSupport\/UIKit\/UIView.swift","hash":"10e6b03a9c5a76f720c17fcb82af82ff66994926"},{"path":"\/Users\/broth\/sudo\/site-reputation-ios\/MockingbirdSupport\/UIKit\/UIViewController.swift","hash":"bbd8980a22029f339b0e8746124fd06d94730570"}],"projectHash":"793f9f1e8a8406e04944f32058d06146e4715efc","cliVersion":"0.20.0","configHash":"c726396f5f5ad25bd38edd7ea1882b9f5604b217","productModuleName":"SudoSiteReputation","mockedTypesHash":null,"dependencies":[],"targetPathsHash":"98b92c8a74c4544e26a1ee6e697f7ad3d2fdaa2b","name":"SudoSiteReputation"}