{"name":"SudoSiteReputationTests","sourceFilePaths":[{"hash":"69ddb077553573f021bad32ab70db8a4e155e995","path":"\/Users\/broth\/sudo\/site-reputation-ios\/SudoSiteReputationTests\/CacheTests.swift"},{"path":"\/Users\/broth\/sudo\/site-reputation-ios\/SudoSiteReputationTests\/ClientTests.swift","hash":"a991cf8a8e5dcf7a3a0b82005a52dde7f405bce5"},{"path":"\/Users\/broth\/sudo\/site-reputation-ios\/SudoSiteReputationTests\/LocalizedErrorsTests.swift","hash":"69e28c476bc923fd8b9a9a955b4dffaa7b29bd55"},{"path":"\/Users\/broth\/sudo\/site-reputation-ios\/SudoSiteReputationTests\/LoggerTests.swift","hash":"2da52aab3e47abf9673c57ad7ad840a90a318f92"},{"path":"\/Users\/broth\/sudo\/site-reputation-ios\/SudoSiteReputationTests\/MaliciousDomainProviderTests.swift","hash":"a4c9979413f5cc3f6fb197d5bbe5e382c3cf272e"},{"path":"\/Users\/broth\/sudo\/site-reputation-ios\/SudoSiteReputationTests\/Mocks\/MockS3Client.swift","hash":"95feb8d6b2d69739907c8042309ea297069ab8bd"},{"hash":"d7da72a4a8ddd82f62e957ad4c966e18dc2f4188","path":"\/Users\/broth\/sudo\/site-reputation-ios\/SudoSiteReputationTests\/Mocks\/MockServiceDataCache.swift"},{"path":"\/Users\/broth\/sudo\/site-reputation-ios\/SudoSiteReputationTests\/Mocks\/MockSudoAPIClient.swift","hash":"505759fd86dfc947ed014cab911ede0f825e0450"},{"hash":"459f8173a592d05a652f2d28badba094262d52f0","path":"\/Users\/broth\/sudo\/site-reputation-ios\/SudoSiteReputationTests\/PlatfomAPIClientTests.swift"},{"hash":"86e38777499da90779bc0498ad3a2fea421fd4f6","path":"\/Users\/broth\/sudo\/site-reputation-ios\/SudoSiteReputationTests\/RealtimeSiteReputationClientTests.swift"},{"path":"\/Users\/broth\/sudo\/site-reputation-ios\/SudoSiteReputationTests\/ReputationEngineTests\/SiteReputationProviderTests.swift","hash":"26bf40aa96654b80e64e273e36b631d0760d6302"},{"hash":"7825853cde320ccb3cd7776ed7a7bf7393343d5c","path":"\/Users\/broth\/sudo\/site-reputation-ios\/SudoSiteReputationTests\/ReputationEngineTests\/SiteReputationRulesetTests.swift"},{"path":"\/Users\/broth\/sudo\/site-reputation-ios\/SudoSiteReputationTests\/ReputationTests.swift","hash":"f9c41917c5ad85983ff0f4644768cd80627f5c9b"},{"hash":"6f066407457fa16f058acb8ec5de6b9978c9c9ec","path":"\/Users\/broth\/sudo\/site-reputation-ios\/SudoSiteReputationTests\/StorageTests\/DiskCacheTests.swift"},{"path":"\/Users\/broth\/sudo\/site-reputation-ios\/SudoSiteReputationTests\/TestUtility\/captureError.swift","hash":"3193ddd0afb783df58499fb8e64cd7d0547a7c52"}],"dependencies":[],"sourceRoot":"\/Users\/broth\/sudo\/site-reputation-ios","cliVersion":"0.20.0","productModuleName":"SudoSiteReputationTests","mockedTypeNames":["\/Users\/broth\/sudo\/site-reputation-ios\/SudoSiteReputationTests\/LoggerTests.swift",[],"\/Users\/broth\/sudo\/site-reputation-ios\/SudoSiteReputationTests\/PlatfomAPIClientTests.swift",[],"\/Users\/broth\/sudo\/site-reputation-ios\/SudoSiteReputationTests\/ReputationEngineTests\/SiteReputationRulesetTests.swift",[],"\/Users\/broth\/sudo\/site-reputation-ios\/SudoSiteReputationTests\/ReputationTests.swift",[],"\/Users\/broth\/sudo\/site-reputation-ios\/SudoSiteReputationTests\/Mocks\/MockSudoAPIClient.swift",[],"\/Users\/broth\/sudo\/site-reputation-ios\/SudoSiteReputationTests\/CacheTests.swift",[],"\/Users\/broth\/sudo\/site-reputation-ios\/SudoSiteReputationTests\/MaliciousDomainProviderTests.swift",[],"\/Users\/broth\/sudo\/site-reputation-ios\/SudoSiteReputationTests\/Mocks\/MockServiceDataCache.swift",[],"\/Users\/broth\/sudo\/site-reputation-ios\/SudoSiteReputationTests\/LocalizedErrorsTests.swift",[],"\/Users\/broth\/sudo\/site-reputation-ios\/SudoSiteReputationTests\/ReputationEngineTests\/SiteReputationProviderTests.swift",[],"\/Users\/broth\/sudo\/site-reputation-ios\/SudoSiteReputationTests\/TestUtility\/captureError.swift",[],"\/Users\/broth\/sudo\/site-reputation-ios\/SudoSiteReputationTests\/ClientTests.swift",[],"\/Users\/broth\/sudo\/site-reputation-ios\/SudoSiteReputationTests\/RealtimeSiteReputationClientTests.swift",["APIClient"],"\/Users\/broth\/sudo\/site-reputation-ios\/SudoSiteReputationTests\/Mocks\/MockS3Client.swift",[],"\/Users\/broth\/sudo\/site-reputation-ios\/SudoSiteReputationTests\/StorageTests\/DiskCacheTests.swift",[]],"projectHash":"6a853d0a986a4635455c2e8cceb2dfe7f91ecab2"}